
Microsoft Visual Studio Solution File, Format Version 12.00
Project("{FAE04EC0-301F-11D3-BF4B-00C04F79EFBC}") = "TankTroubleEswatinskeKvality", "TankTroubleEswatinskeKvality\TankTroubleEswatinskeKvality.csproj", "{890BCACE-D9E9-4DAC-90D9-F39EB189998B}"
EndProject
Global
	GlobalSection(SolutionConfigurationPlatforms) = preSolution
		Debug|Any CPU = Debug|Any CPU
		Release|Any CPU = Release|Any CPU
	EndGlobalSection
	GlobalSection(ProjectConfigurationPlatforms) = postSolution
		{890BCACE-D9E9-4DAC-90D9-F39EB189998B}.Debug|Any CPU.ActiveCfg = Debug|Any CPU
		{890BCACE-D9E9-4DAC-90D9-F39EB189998B}.Debug|Any CPU.Build.0 = Debug|Any CPU
		{890BCACE-D9E9-4DAC-90D9-F39EB189998B}.Release|Any CPU.ActiveCfg = Release|Any CPU
		{890BCACE-D9E9-4DAC-90D9-F39EB189998B}.Release|Any CPU.Build.0 = Release|Any CPU
	EndGlobalSection
EndGlobal
